
Microsoft Visual Studio Solution File, Format Version 12.00
# Visual Studio 15
Project("{FAE04EC0-301F-11D3-BF4B-00C04F79EFBC}") = "couchdb_api_inter", "couchdb_api_inter\couchdb_api_inter.csproj", "{BCA67602-26BB-476B-BBA4-5011CE94DD53}"
EndProject
Global
	GlobalSection(SolutionConfigurationPlatforms) = preSolution
		Debug|x86 = Debug|x86
		Release|x86 = Release|x86
	EndGlobalSection
	GlobalSection(ProjectConfigurationPlatforms) = postSolution
		{BCA67602-26BB-476B-BBA4-5011CE94DD53}.Debug|x86.ActiveCfg = Debug|x86
		{BCA67602-26BB-476B-BBA4-5011CE94DD53}.Debug|x86.Build.0 = Debug|x86
		{BCA67602-26BB-476B-BBA4-5011CE94DD53}.Release|x86.ActiveCfg = Release|x86
		{BCA67602-26BB-476B-BBA4-5011CE94DD53}.Release|x86.Build.0 = Release|x86
	EndGlobalSection
EndGlobal
